
Microsoft Visual Studio Solution File, Format Version 12.00
# Visual Studio 14
VisualStudioVersion = 14.0.25420.1
MinimumVisualStudioVersion = 10.0.40219.1
Project("{FAE04EC0-301F-11D3-BF4B-00C04F79EFBC}") = "PaymentProcessor", "PaymentProcessor\PaymentProcessor.csproj", "{32316CF0-CF5D-41CB-88D8-8523C5B01F03}"
EndProject
Project("{FAE04EC0-301F-11D3-BF4B-00C04F79EFBC}") = "PaymentsProcessor.Tests", "PaymentsProcessor.Tests\PaymentsProcessor.Tests.csproj", "{FC82E465-6756-43AF-A2BB-5D50FAD1428A}"
EndProject
Global
	GlobalSection(SolutionConfigurationPlatforms) = preSolution
		Debug|Any CPU = Debug|Any CPU
		Release|Any CPU = Release|Any CPU
	EndGlobalSection
	GlobalSection(ProjectConfigurationPlatforms) = postSolution
		{32316CF0-CF5D-41CB-88D8-8523C5B01F03}.Debug|Any CPU.ActiveCfg = Debug|Any CPU
		{32316CF0-CF5D-41CB-88D8-8523C5B01F03}.Debug|Any CPU.Build.0 = Debug|Any CPU
		{32316CF0-CF5D-41CB-88D8-8523C5B01F03}.Release|Any CPU.ActiveCfg = Release|Any CPU
		{32316CF0-CF5D-41CB-88D8-8523C5B01F03}.Release|Any CPU.Build.0 = Release|Any CPU
		{FC82E465-6756-43AF-A2BB-5D50FAD1428A}.Debug|Any CPU.ActiveCfg = Debug|Any CPU
		{FC82E465-6756-43AF-A2BB-5D50FAD1428A}.Debug|Any CPU.Build.0 = Debug|Any CPU
		{FC82E465-6756-43AF-A2BB-5D50FAD1428A}.Release|Any CPU.ActiveCfg = Release|Any CPU
		{FC82E465-6756-43AF-A2BB-5D50FAD1428A}.Release|Any CPU.Build.0 = Release|Any CPU
	EndGlobalSection
	GlobalSection(SolutionProperties) = preSolution
		HideSolutionNode = FALSE
	EndGlobalSection
EndGlobal
